
Microsoft Visual Studio Solution File, Format Version 12.00
# Visual Studio Version 17
VisualStudioVersion = 17.9.34607.119
MinimumVisualStudioVersion = 10.0.40219.1
Project("{FAE04EC0-301F-11D3-BF4B-00C04F79EFBC}") = "ODataTest", "ODataTest\ODataTest.csproj", "{29C64E3F-812E-457B-86BE-3DB5DC341498}"
EndProject
Global
	GlobalSection(SolutionConfigurationPlatforms) = preSolution
		Debug|Any CPU = Debug|Any CPU
		Release|Any CPU = Release|Any CPU
	EndGlobalSection
	GlobalSection(ProjectConfigurationPlatforms) = postSolution
		{29C64E3F-812E-457B-86BE-3DB5DC341498}.Debug|Any CPU.ActiveCfg = Debug|Any CPU
		{29C64E3F-812E-457B-86BE-3DB5DC341498}.Debug|Any CPU.Build.0 = Debug|Any CPU
		{29C64E3F-812E-457B-86BE-3DB5DC341498}.Release|Any CPU.ActiveCfg = Release|Any CPU
		{29C64E3F-812E-457B-86BE-3DB5DC341498}.Release|Any CPU.Build.0 = Release|Any CPU
	EndGlobalSection
	GlobalSection(SolutionProperties) = preSolution
		HideSolutionNode = FALSE
	EndGlobalSection
	GlobalSection(ExtensibilityGlobals) = postSolution
		SolutionGuid = {775F9272-B5C2-417A-B495-2DF64ACE9F05}
	EndGlobalSection
EndGlobal
